
Microsoft Visual Studio Solution File, Format Version 12.00
# Visual Studio Version 17
VisualStudioVersion = 17.9.34902.65
MinimumVisualStudioVersion = 10.0.40219.1
Project("{FAE04EC0-301F-11D3-BF4B-00C04F79EFBC}") = "eLearning", "eLearning\eLearning.csproj", "{E7EEFCF6-0855-45AF-9D1C-BA3E7DB99A5A}"
EndProject
Global
	GlobalSection(SolutionConfigurationPlatforms) = preSolution
		Debug|Any CPU = Debug|Any CPU
		Release|Any CPU = Release|Any CPU
	EndGlobalSection
	GlobalSection(ProjectConfigurationPlatforms) = postSolution
		{E7EEFCF6-0855-45AF-9D1C-BA3E7DB99A5A}.Debug|Any CPU.ActiveCfg = Debug|Any CPU
		{E7EEFCF6-0855-45AF-9D1C-BA3E7DB99A5A}.Debug|Any CPU.Build.0 = Debug|Any CPU
		{E7EEFCF6-0855-45AF-9D1C-BA3E7DB99A5A}.Release|Any CPU.ActiveCfg = Release|Any CPU
		{E7EEFCF6-0855-45AF-9D1C-BA3E7DB99A5A}.Release|Any CPU.Build.0 = Release|Any CPU
	EndGlobalSection
	GlobalSection(SolutionProperties) = preSolution
		HideSolutionNode = FALSE
	EndGlobalSection
	GlobalSection(ExtensibilityGlobals) = postSolution
		SolutionGuid = {E7935913-08EB-4F94-807E-758B82044859}
	EndGlobalSection
EndGlobal
